
Microsoft Visual Studio Solution File, Format Version 12.00
# Visual Studio Version 16
VisualStudioVersion = 16.0.30011.22
MinimumVisualStudioVersion = 10.0.40219.1
Project("{FAE04EC0-301F-11D3-BF4B-00C04F79EFBC}") = "ConfluentKafkaConsume", "ConfluentKafkaConsume.csproj", "{CCFC2CA1-3225-4A98-96A5-0FD617289101}"
EndProject
Global
	GlobalSection(SolutionConfigurationPlatforms) = preSolution
		Debug|Any CPU = Debug|Any CPU
		Release|Any CPU = Release|Any CPU
	EndGlobalSection
	GlobalSection(ProjectConfigurationPlatforms) = postSolution
		{CCFC2CA1-3225-4A98-96A5-0FD617289101}.Debug|Any CPU.ActiveCfg = Debug|Any CPU
		{CCFC2CA1-3225-4A98-96A5-0FD617289101}.Debug|Any CPU.Build.0 = Debug|Any CPU
		{CCFC2CA1-3225-4A98-96A5-0FD617289101}.Release|Any CPU.ActiveCfg = Release|Any CPU
		{CCFC2CA1-3225-4A98-96A5-0FD617289101}.Release|Any CPU.Build.0 = Release|Any CPU
	EndGlobalSection
	GlobalSection(SolutionProperties) = preSolution
		HideSolutionNode = FALSE
	EndGlobalSection
	GlobalSection(ExtensibilityGlobals) = postSolution
		SolutionGuid = {7FCC1A41-9FEA-4465-AE5C-89C718653F2D}
	EndGlobalSection
EndGlobal
